numpy @ https://files.pythonhosted.org/packages/b6/23/2a1b231b8ff672b4c450dac27164a8b2ca7d9b7144f9c02d2396518352eb/numpy-2.3.5-cp312-cp312-manylinux_2_27_x86_64.manylinux_2_28_x86_64.whl#sha256=0d8163f43acde9a73c2a33605353a4f1bc4798745a8b1d73183b28e5b435ae28
cryptography @ https://files.pythonhosted.org/packages/d9/41/029086c34d91052fc3b88bcc8056f709a7c915c7a23b235a54eb800b1c97/cryptography-50.0.0-cp311-abi3-manylinux2014_x86_64.manylinux_2_17_x86_64.whl#sha256=06a32a980526a6ab9a4b9bf8f7385800791e2bb960903cb6b530e4817509a3b7
cffi @ https://files.pythonhosted.org/packages/b1/db/dceb9dd5b231e1da801793f8acc9f3c52a7e1afe40bb1aae37e02b0faad5/cffi-2.1.1-cp312-cp312-manylinux2014_x86_64.manylinux_2_17_x86_64.whl#sha256=c1453022f490d2459a11819d83ad1d586e9ff65a12ac3e705ffebd46d3685dcf
pycparser @ https://files.pythonhosted.org/packages/0c/c3/44f3fbbfa403ea2a7c779186dc20772604442dde72947e7d01069cbe98e3/pycparser-3.0-py3-none-any.whl#sha256=b727414169a36b7d524c1c3e31839a521725078d7b2ff038656844266160a992
